PODS:
  - KSPhotoBrowser (0.3.1):
    - SDWebImage
  - SDWebImage (5.9.2):
    - SDWebImage/Core (= 5.9.2)
  - SDWebImage/Core (5.9.2)

DEPENDENCIES:
  - KSPhotoBrowser (from `../`)

SPEC REPOS:
  https://github.com/CocoaPods/Specs.git:
    - SDWebImage

EXTERNAL SOURCES:
  KSPhotoBrowser:
    :path: "../"

SPEC CHECKSUMS:
  KSPhotoBrowser: 4f244803269172bb95e81522d0391e664b734424
  SDWebImage: 0b42b8719ab0c5257177d5894306e8a336b21cbb

PODFILE CHECKSUM: 554f70c03ecd528e74dcc6fba4777d8e65be64de

COCOAPODS: 1.9.3
